github.com/dave/jennifer v0.19.0 h1:HuBCbwbdRdqyOvUodzdBn2vwG5Jpr7DNBGFLYuYl8Rc=
github.com/dave/jennifer v0.19.0/go.mod h1:fIb+770HOpJ2fmN9EPPKOqm1vMGhB+TwXKMZhrIygKg=
github.com/pkg/errors v0.8.0 h1:WdK/asTD0HN+q6hsWO3/vpuAkAr+tw6aNJNDFFf0+qw=
github.com/pkg/errors v0.8.0/go.mod h1:bwawxfHBFNV+L2hUp1rHADufV3IMtnDRdf1r5NINEl0=
