# This file is autogenerated, do not edit; changes may be undone by the next 'dep ensure'.


[[projects]]
  name = "github.com/dave/jennifer"
  packages = ["jen"]
  revision = "0264ec47f284c27fe4f52072dc0f4da5a5771c04"
  version = "v0.19.0"

[solve-meta]
  analyzer-name = "dep"
  analyzer-version = 1
  inputs-digest = "926a4a94be37ec5ce961284a8e4cd95d14023ddac65fbdb7e32e5449f7c5d5d3"
  solver-name = "gps-cdcl"
  solver-version = 1
