# This file is autogenerated, do not edit; changes may be undone by the next 'dep ensure'.


[[projects]]
  name = "github.com/dave/jennifer"
  packages = ["jen"]
  revision = "0264ec47f284c27fe4f52072dc0f4da5a5771c04"
  version = "v0.19.0"

[[projects]]
  name = "github.com/pkg/errors"
  packages = ["."]
  revision = "645ef00459ed84a119197bfb8d8205042c6df63d"
  version = "v0.8.0"

[solve-meta]
  analyzer-name = "dep"
  analyzer-version = 1
  inputs-digest = "ce0576839374fe972aff0f4d12fcf7595ada326b4cdb248f81cb8b3eb7588520"
  solver-name = "gps-cdcl"
  solver-version = 1
